// !$*UTF8*$!
{
	archiveVersion = 1;
	classes = {
	};
	objectVersion = 60;
	objects = {

/* Begin PBXBuildFile section */
		7A2400192B3F01420058F50F /* CarivederciApp.swift in Sources */ = {isa = PBXBuildFile; fileRef = 7A2400182B3F01420058F50F /* CarivederciApp.swift */; };
		7A24001B2B3F01420058F50F /* ContentView.swift in Sources */ = {isa = PBXBuildFile; fileRef = 7A24001A2B3F01420058F50F /* ContentView.swift */; };
		7A24001D2B3F01440058F50F /* Assets.xcassets in Resources */ = {isa = PBXBuildFile; fileRef = 7A24001C2B3F01440058F50F /* Assets.xcassets */; };
		7A2400202B3F01440058F50F /* Preview Assets.xcassets in Resources */ = {isa = PBXBuildFile; fileRef = 7A24001F2B3F01440058F50F /* Preview Assets.xcassets */; };
		7A2671E12BB4BDA000EDC250 /* Youtube.png in Resources */ = {isa = PBXBuildFile; fileRef = 7A2671E02BB4BDA000EDC250 /* Youtube.png */; };
		7A32924C2B3F072D00B8C759 /* PlanningStruct.swift in Sources */ = {isa = PBXBuildFile; fileRef = 7A32924B2B3F072D00B8C759 /* PlanningStruct.swift */; };
		7A3292502B3F0C6300B8C759 /* PlanningView.swift in Sources */ = {isa = PBXBuildFile; fileRef = 7A32924F2B3F0C6300B8C759 /* PlanningView.swift */; };
		7A9D4FED2B922EBD00E771EB /* PasswordView.swift in Sources */ = {isa = PBXBuildFile; fileRef = 7A9D4FEC2B922EBD00E771EB /* PasswordView.swift */; };
		7AA9C7852B8FAA8700FDB0EC /* CompteView.swift in Sources */ = {isa = PBXBuildFile; fileRef = 7AA9C7842B8FAA8700FDB0EC /* CompteView.swift */; };
		7AAE3DFF2B7D2EA200852F8C /* FamilleMenuView.swift in Sources */ = {isa = PBXBuildFile; fileRef = 7AAE3DFE2B7D2EA200852F8C /* FamilleMenuView.swift */; };
		7ABC411D2B81577E00A3B0DB /* FamilleView.swift in Sources */ = {isa = PBXBuildFile; fileRef = 7ABC411C2B81577E00A3B0DB /* FamilleView.swift */; };
		7ABC5AF32B8BAD9E003BFA94 /* CarouselView.swift in Sources */ = {isa = PBXBuildFile; fileRef = 7ABC5AF22B8BAD9E003BFA94 /* CarouselView.swift */; };
		7ABC5AF72B8BAF3D003BFA94 /* ListeView.swift in Sources */ = {isa = PBXBuildFile; fileRef = 7ABC5AF62B8BAF3D003BFA94 /* ListeView.swift */; };
		7ABC5AFD2B8BAF64003BFA94 /* YoutubeView.swift in Sources */ = {isa = PBXBuildFile; fileRef = 7ABC5AFC2B8BAF64003BFA94 /* YoutubeView.swift */; };
		7ABC5B002B8BAF84003BFA94 /* TeamsView.swift in Sources */ = {isa = PBXBuildFile; fileRef = 7ABC5AFF2B8BAF84003BFA94 /* TeamsView.swift */; };
		7ABC5B032B8BAF96003BFA94 /* SponsorsView.swift in Sources */ = {isa = PBXBuildFile; fileRef = 7ABC5B022B8BAF96003BFA94 /* SponsorsView.swift */; };
		7ABE4CEE2B823EBF0037E8F5 /* Models.swift in Sources */ = {isa = PBXBuildFile; fileRef = 7ABE4CED2B823EBF0037E8F5 /* Models.swift */; };
		7AC08A282BB7610E006A5DFA /* Présentation_Soirée.png in Resources */ = {isa = PBXBuildFile; fileRef = 7AC08A1E2BB7610D006A5DFA /* Présentation_Soirée.png */; };
		7AC08A292BB7610E006A5DFA /* Présentation_Opé.png in Resources */ = {isa = PBXBuildFile; fileRef = 7AC08A1F2BB7610D006A5DFA /* Présentation_Opé.png */; };
		7AC08A2A2BB7610E006A5DFA /* Présentation_BDI.png in Resources */ = {isa = PBXBuildFile; fileRef = 7AC08A202BB7610D006A5DFA /* Présentation_BDI.png */; };
		7AC08A2B2BB7610E006A5DFA /* Présentation_Com.png in Resources */ = {isa = PBXBuildFile; fileRef = 7AC08A212BB7610D006A5DFA /* Présentation_Com.png */; };
		7AC08A2C2BB7610E006A5DFA /* Présentation_BDA.png in Resources */ = {isa = PBXBuildFile; fileRef = 7AC08A222BB7610D006A5DFA /* Présentation_BDA.png */; };
		7AC08A2D2BB7610E006A5DFA /* Présentation_BDS.png in Resources */ = {isa = PBXBuildFile; fileRef = 7AC08A232BB7610D006A5DFA /* Présentation_BDS.png */; };
		7AC08A2E2BB7610E006A5DFA /* Présentation_Asso.png in Resources */ = {isa = PBXBuildFile; fileRef = 7AC08A242BB7610D006A5DFA /* Présentation_Asso.png */; };
		7AC08A2F2BB7610E006A5DFA /* Présentation_Partenariats.png in Resources */ = {isa = PBXBuildFile; fileRef = 7AC08A252BB7610E006A5DFA /* Présentation_Partenariats.png */; };
		7AC08A302BB7610E006A5DFA /* Présentation_FISA.png in Resources */ = {isa = PBXBuildFile; fileRef = 7AC08A262BB7610E006A5DFA /* Présentation_FISA.png */; };
		7AC08A312BB7610E006A5DFA /* Présentation_Bureau.png in Resources */ = {isa = PBXBuildFile; fileRef = 7AC08A272BB7610E006A5DFA /* Présentation_Bureau.png */; };
		7AC08A342BB76128006A5DFA /* Logo.png in Resources */ = {isa = PBXBuildFile; fileRef = 7AC08A332BB76128006A5DFA /* Logo.png */; };
		7AC08A392BB76848006A5DFA /* Présentation_AEI.png in Resources */ = {isa = PBXBuildFile; fileRef = 7AC08A382BB76848006A5DFA /* Présentation_AEI.png */; };
		7AC290872BA728240070F711 /* QRCodeView.swift in Sources */ = {isa = PBXBuildFile; fileRef = 7AC290862BA728240070F711 /* QRCodeView.swift */; };
		7AC6D5082BA0F226007B0B35 /* Rules.swift in Sources */ = {isa = PBXBuildFile; fileRef = 7AC6D5072BA0F226007B0B35 /* Rules.swift */; };
		7ACCBEFF2B7AA33A00D007D0 /* MainView.swift in Sources */ = {isa = PBXBuildFile; fileRef = 7ACCBEFE2B7AA33A00D007D0 /* MainView.swift */; };
		7ACCBF042B7AA37900D007D0 /* LoginMenuView.swift in Sources */ = {isa = PBXBuildFile; fileRef = 7ACCBF032B7AA37900D007D0 /* LoginMenuView.swift */; };
		7ACCBF082B7AA82C00D007D0 /* LoginView.swift in Sources */ = {isa = PBXBuildFile; fileRef = 7ACCBF072B7AA82C00D007D0 /* LoginView.swift */; };
		7AD89D7B2B4AE28C00A5E334 /* ScoreboardView.swift in Sources */ = {isa = PBXBuildFile; fileRef = 7AD89D7A2B4AE28C00A5E334 /* ScoreboardView.swift */; };
		7AF9A4E42BBC9B2900439E5C /* QRScannerView.swift in Sources */ = {isa = PBXBuildFile; fileRef = 7AF9A4E32BBC9B2900439E5C /* QRScannerView.swift */; };
		B3482F5C2BC0645A001F2CF3 /* CodeScanner in Frameworks */ = {isa = PBXBuildFile; productRef = B3482F5B2BC0645A001F2CF3 /* CodeScanner */; };
		B3482F712BC06CFF001F2CF3 /* intersport-aulnoy-lez-valenciennes.jpg in Resources */ = {isa = PBXBuildFile; fileRef = B3482F612BC06CFC001F2CF3 /* intersport-aulnoy-lez-valenciennes.jpg */; };
		B3482F722BC06CFF001F2CF3 /* VNB arsenal M.jpeg in Resources */ = {isa = PBXBuildFile; fileRef = B3482F622BC06CFC001F2CF3 /* VNB arsenal M.jpeg */; };
		B3482F732BC06CFF001F2CF3 /* lasergame R.jpeg in Resources */ = {isa = PBXBuildFile; fileRef = B3482F632BC06CFC001F2CF3 /* lasergame R.jpeg */; };
		B3482F742BC06CFF001F2CF3 /* LYDIA E.png in Resources */ = {isa = PBXBuildFile; fileRef = B3482F642BC06CFC001F2CF3 /* LYDIA E.png */; };
		B3482F752BC06CFF001F2CF3 /* PIXELBAR R.png in Resources */ = {isa = PBXBuildFile; fileRef = B3482F652BC06CFC001F2CF3 /* PIXELBAR R.png */; };
		B3482F762BC06CFF001F2CF3 /* osaka toys M.jpeg in Resources */ = {isa = PBXBuildFile; fileRef = B3482F662BC06CFD001F2CF3 /* osaka toys M.jpeg */; };
		B3482F772BC06CFF001F2CF3 /* murder france E.png in Resources */ = {isa = PBXBuildFile; fileRef = B3482F672BC06CFD001F2CF3 /* murder france E.png */; };
		B3482F782BC06CFF001F2CF3 /* lache prise R.png in Resources */ = {isa = PBXBuildFile; fileRef = B3482F682BC06CFD001F2CF3 /* lache prise R.png */; };
		B3482F792BC06CFF001F2CF3 /* VnB Aulnoye.jpg in Resources */ = {isa = PBXBuildFile; fileRef = B3482F692BC06CFD001F2CF3 /* VnB Aulnoye.jpg */; };
		B3482F7A2BC06CFF001F2CF3 /* reload gaming bar M.jpeg in Resources */ = {isa = PBXBuildFile; fileRef = B3482F6A2BC06CFE001F2CF3 /* reload gaming bar M.jpeg */; };
		B3482F7B2BC06CFF001F2CF3 /* bar l_inontournable R.png in Resources */ = {isa = PBXBuildFile; fileRef = B3482F6B2BC06CFE001F2CF3 /* bar l_inontournable R.png */; };
		B3482F7C2BC06CFF001F2CF3 /* Redbull E.png in Resources */ = {isa = PBXBuildFile; fileRef = B3482F6C2BC06CFE001F2CF3 /* Redbull E.png */; };
		B3482F7D2BC06CFF001F2CF3 /* logo-via-ristorante-restaurant.png in Resources */ = {isa = PBXBuildFile; fileRef = B3482F6D2BC06CFE001F2CF3 /* logo-via-ristorante-restaurant.png */; };
		B3482F7E2BC06CFF001F2CF3 /* léon R.png in Resources */ = {isa = PBXBuildFile; fileRef = B3482F6E2BC06CFE001F2CF3 /* léon R.png */; };
		B3482F7F2BC06CFF001F2CF3 /* Festival les briques rouges E.jpeg in Resources */ = {isa = PBXBuildFile; fileRef = B3482F6F2BC06CFE001F2CF3 /* Festival les briques rouges E.jpeg */; };
		B3482F802BC06CFF001F2CF3 /* karos R.jpeg in Resources */ = {isa = PBXBuildFile; fileRef = B3482F702BC06CFF001F2CF3 /* karos R.jpeg */; };
		B3482F832BC071D5001F2CF3 /* SwiftKeychainWrapper in Frameworks */ = {isa = PBXBuildFile; productRef = B3482F822BC071D5001F2CF3 /* SwiftKeychainWrapper */; };
		B3482F852BC071E4001F2CF3 /* SwiftKeychainWrapper in Frameworks */ = {isa = PBXBuildFile; productRef = B3482F842BC071E4001F2CF3 /* SwiftKeychainWrapper */; };
/* End PBXBuildFile section */

/* Begin PBXFileReference section */
		7A2400152B3F01420058F50F /* Carivederci.app */ = {isa = PBXFileReference; explicitFileType = wrapper.application; includeInIndex = 0; path = Carivederci.app; sourceTree = BUILT_PRODUCTS_DIR; };
		7A2400182B3F01420058F50F /* CarivederciApp.swift */ = {isa = PBXFileReference; lastKnownFileType = sourcecode.swift; path = CarivederciApp.swift; sourceTree = "<group>"; };
		7A24001A2B3F01420058F50F /* ContentView.swift */ = {isa = PBXFileReference; lastKnownFileType = sourcecode.swift; path = ContentView.swift; sourceTree = "<group>"; };
		7A24001C2B3F01440058F50F /* Assets.xcassets */ = {isa = PBXFileReference; lastKnownFileType = folder.assetcatalog; path = Assets.xcassets; sourceTree = "<group>"; };
		7A24001F2B3F01440058F50F /* Preview Assets.xcassets */ = {isa = PBXFileReference; lastKnownFileType = folder.assetcatalog; path = "Preview Assets.xcassets"; sourceTree = "<group>"; };
		7A2400212B3F01440058F50F /* Info.plist */ = {isa = PBXFileReference; lastKnownFileType = text.plist.xml; path = Info.plist; sourceTree = "<group>"; };
		7A2671E02BB4BDA000EDC250 /* Youtube.png */ = {isa = PBXFileReference; lastKnownFileType = image.png; path = Youtube.png; sourceTree = "<group>"; };
		7A32924B2B3F072D00B8C759 /* PlanningStruct.swift */ = {isa = PBXFileReference; lastKnownFileType = sourcecode.swift; path = PlanningStruct.swift; sourceTree = "<group>"; };
		7A32924F2B3F0C6300B8C759 /* PlanningView.swift */ = {isa = PBXFileReference; lastKnownFileType = sourcecode.swift; path = PlanningView.swift; sourceTree = "<group>"; };
		7A9D4FEC2B922EBD00E771EB /* PasswordView.swift */ = {isa = PBXFileReference; lastKnownFileType = sourcecode.swift; path = PasswordView.swift; sourceTree = "<group>"; };
		7AA9C7842B8FAA8700FDB0EC /* CompteView.swift */ = {isa = PBXFileReference; lastKnownFileType = sourcecode.swift; path = CompteView.swift; sourceTree = "<group>"; };
		7AAE3DFE2B7D2EA200852F8C /* FamilleMenuView.swift */ = {isa = PBXFileReference; lastKnownFileType = sourcecode.swift; path = FamilleMenuView.swift; sourceTree = "<group>"; };
		7ABC411C2B81577E00A3B0DB /* FamilleView.swift */ = {isa = PBXFileReference; lastKnownFileType = sourcecode.swift; path = FamilleView.swift; sourceTree = "<group>"; };
		7ABC5AF22B8BAD9E003BFA94 /* CarouselView.swift */ = {isa = PBXFileReference; lastKnownFileType = sourcecode.swift; path = CarouselView.swift; sourceTree = "<group>"; };
		7ABC5AF62B8BAF3D003BFA94 /* ListeView.swift */ = {isa = PBXFileReference; lastKnownFileType = sourcecode.swift; path = ListeView.swift; sourceTree = "<group>"; };
		7ABC5AFC2B8BAF64003BFA94 /* YoutubeView.swift */ = {isa = PBXFileReference; lastKnownFileType = sourcecode.swift; path = YoutubeView.swift; sourceTree = "<group>"; };
		7ABC5AFF2B8BAF84003BFA94 /* TeamsView.swift */ = {isa = PBXFileReference; lastKnownFileType = sourcecode.swift; path = TeamsView.swift; sourceTree = "<group>"; };
		7ABC5B022B8BAF96003BFA94 /* SponsorsView.swift */ = {isa = PBXFileReference; lastKnownFileType = sourcecode.swift; path = SponsorsView.swift; sourceTree = "<group>"; };
		7ABE4CED2B823EBF0037E8F5 /* Models.swift */ = {isa = PBXFileReference; lastKnownFileType = sourcecode.swift; path = Models.swift; sourceTree = "<group>"; };
		7AC08A1E2BB7610D006A5DFA /* Présentation_Soirée.png */ = {isa = PBXFileReference; lastKnownFileType = image.png; path = "Présentation_Soirée.png"; sourceTree = "<group>"; };
		7AC08A1F2BB7610D006A5DFA /* Présentation_Opé.png */ = {isa = PBXFileReference; lastKnownFileType = image.png; path = "Présentation_Opé.png"; sourceTree = "<group>"; };
		7AC08A202BB7610D006A5DFA /* Présentation_BDI.png */ = {isa = PBXFileReference; lastKnownFileType = image.png; path = "Présentation_BDI.png"; sourceTree = "<group>"; };
		7AC08A212BB7610D006A5DFA /* Présentation_Com.png */ = {isa = PBXFileReference; lastKnownFileType = image.png; path = "Présentation_Com.png"; sourceTree = "<group>"; };
		7AC08A222BB7610D006A5DFA /* Présentation_BDA.png */ = {isa = PBXFileReference; lastKnownFileType = image.png; path = "Présentation_BDA.png"; sourceTree = "<group>"; };
		7AC08A232BB7610D006A5DFA /* Présentation_BDS.png */ = {isa = PBXFileReference; lastKnownFileType = image.png; path = "Présentation_BDS.png"; sourceTree = "<group>"; };
		7AC08A242BB7610D006A5DFA /* Présentation_Asso.png */ = {isa = PBXFileReference; lastKnownFileType = image.png; path = "Présentation_Asso.png"; sourceTree = "<group>"; };
		7AC08A252BB7610E006A5DFA /* Présentation_Partenariats.png */ = {isa = PBXFileReference; lastKnownFileType = image.png; path = "Présentation_Partenariats.png"; sourceTree = "<group>"; };
		7AC08A262BB7610E006A5DFA /* Présentation_FISA.png */ = {isa = PBXFileReference; lastKnownFileType = image.png; path = "Présentation_FISA.png"; sourceTree = "<group>"; };
		7AC08A272BB7610E006A5DFA /* Présentation_Bureau.png */ = {isa = PBXFileReference; lastKnownFileType = image.png; path = "Présentation_Bureau.png"; sourceTree = "<group>"; };
		7AC08A332BB76128006A5DFA /* Logo.png */ = {isa = PBXFileReference; lastKnownFileType = image.png; path = Logo.png; sourceTree = "<group>"; };
		7AC08A382BB76848006A5DFA /* Présentation_AEI.png */ = {isa = PBXFileReference; lastKnownFileType = image.png; path = "Présentation_AEI.png"; sourceTree = "<group>"; };
		7AC290862BA728240070F711 /* QRCodeView.swift */ = {isa = PBXFileReference; lastKnownFileType = sourcecode.swift; path = QRCodeView.swift; sourceTree = "<group>"; };
		7AC6D5072BA0F226007B0B35 /* Rules.swift */ = {isa = PBXFileReference; lastKnownFileType = sourcecode.swift; path = Rules.swift; sourceTree = "<group>"; };
		7ACCBEFE2B7AA33A00D007D0 /* MainView.swift */ = {isa = PBXFileReference; lastKnownFileType = sourcecode.swift; path = MainView.swift; sourceTree = "<group>"; };
		7ACCBF032B7AA37900D007D0 /* LoginMenuView.swift */ = {isa = PBXFileReference; lastKnownFileType = sourcecode.swift; path = LoginMenuView.swift; sourceTree = "<group>"; };
		7ACCBF072B7AA82C00D007D0 /* LoginView.swift */ = {isa = PBXFileReference; lastKnownFileType = sourcecode.swift; path = LoginView.swift; sourceTree = "<group>"; };
		7AD89D7A2B4AE28C00A5E334 /* ScoreboardView.swift */ = {isa = PBXFileReference; lastKnownFileType = sourcecode.swift; path = ScoreboardView.swift; sourceTree = "<group>"; };
		7AF9A4E32BBC9B2900439E5C /* QRScannerView.swift */ = {isa = PBXFileReference; lastKnownFileType = sourcecode.swift; path = QRScannerView.swift; sourceTree = "<group>"; };
		B3482F5E2BC06C14001F2CF3 /* Security.framework */ = {isa = PBXFileReference; lastKnownFileType = wrapper.framework; name = Security.framework; path = System/Library/Frameworks/Security.framework; sourceTree = SDKROOT; };
		B3482F612BC06CFC001F2CF3 /* intersport-aulnoy-lez-valenciennes.jpg */ = {isa = PBXFileReference; lastKnownFileType = image.jpeg; path = "intersport-aulnoy-lez-valenciennes.jpg"; sourceTree = "<group>"; };
		B3482F622BC06CFC001F2CF3 /* VNB arsenal M.jpeg */ = {isa = PBXFileReference; lastKnownFileType = image.jpeg; path = "VNB arsenal M.jpeg"; sourceTree = "<group>"; };
		B3482F632BC06CFC001F2CF3 /* lasergame R.jpeg */ = {isa = PBXFileReference; lastKnownFileType = image.jpeg; path = "lasergame R.jpeg"; sourceTree = "<group>"; };
		B3482F642BC06CFC001F2CF3 /* LYDIA E.png */ = {isa = PBXFileReference; lastKnownFileType = image.png; path = "LYDIA E.png"; sourceTree = "<group>"; };
		B3482F652BC06CFC001F2CF3 /* PIXELBAR R.png */ = {isa = PBXFileReference; lastKnownFileType = image.png; path = "PIXELBAR R.png"; sourceTree = "<group>"; };
		B3482F662BC06CFD001F2CF3 /* osaka toys M.jpeg */ = {isa = PBXFileReference; lastKnownFileType = image.jpeg; path = "osaka toys M.jpeg"; sourceTree = "<group>"; };
		B3482F672BC06CFD001F2CF3 /* murder france E.png */ = {isa = PBXFileReference; lastKnownFileType = image.png; path = "murder france E.png"; sourceTree = "<group>"; };
		B3482F682BC06CFD001F2CF3 /* lache prise R.png */ = {isa = PBXFileReference; lastKnownFileType = image.png; path = "lache prise R.png"; sourceTree = "<group>"; };
		B3482F692BC06CFD001F2CF3 /* VnB Aulnoye.jpg */ = {isa = PBXFileReference; lastKnownFileType = image.jpeg; path = "VnB Aulnoye.jpg"; sourceTree = "<group>"; };
		B3482F6A2BC06CFE001F2CF3 /* reload gaming bar M.jpeg */ = {isa = PBXFileReference; lastKnownFileType = image.jpeg; path = "reload gaming bar M.jpeg"; sourceTree = "<group>"; };
		B3482F6B2BC06CFE001F2CF3 /* bar l_inontournable R.png */ = {isa = PBXFileReference; lastKnownFileType = image.png; path = "bar l_inontournable R.png"; sourceTree = "<group>"; };
		B3482F6C2BC06CFE001F2CF3 /* Redbull E.png */ = {isa = PBXFileReference; lastKnownFileType = image.png; path = "Redbull E.png"; sourceTree = "<group>"; };
		B3482F6D2BC06CFE001F2CF3 /* logo-via-ristorante-restaurant.png */ = {isa = PBXFileReference; lastKnownFileType = image.png; path = "logo-via-ristorante-restaurant.png"; sourceTree = "<group>"; };
		B3482F6E2BC06CFE001F2CF3 /* léon R.png */ = {isa = PBXFileReference; lastKnownFileType = image.png; path = "léon R.png"; sourceTree = "<group>"; };
		B3482F6F2BC06CFE001F2CF3 /* Festival les briques rouges E.jpeg */ = {isa = PBXFileReference; lastKnownFileType = image.jpeg; path = "Festival les briques rouges E.jpeg"; sourceTree = "<group>"; };
		B3482F702BC06CFF001F2CF3 /* karos R.jpeg */ = {isa = PBXFileReference; lastKnownFileType = image.jpeg; path = "karos R.jpeg"; sourceTree = "<group>"; };
/* End PBXFileReference section */

/* Begin PBXFrameworksBuildPhase section */
		7A2400122B3F01420058F50F /* Frameworks */ = {
			isa = PBXFrameworksBuildPhase;
			buildActionMask = 2147483647;
			files = (
				B3482F832BC071D5001F2CF3 /* SwiftKeychainWrapper in Frameworks */,
				B3482F5C2BC0645A001F2CF3 /* CodeScanner in Frameworks */,
				B3482F852BC071E4001F2CF3 /* SwiftKeychainWrapper in Frameworks */,
			);
			runOnlyForDeploymentPostprocessing = 0;
		};
/* End PBXFrameworksBuildPhase section */

/* Begin PBXGroup section */
		7A24000C2B3F01420058F50F = {
			isa = PBXGroup;
			children = (
				7A2400172B3F01420058F50F /* Carivederci */,
				7A2400162B3F01420058F50F /* Products */,
				B3482F5D2BC06C13001F2CF3 /* Frameworks */,
			);
			sourceTree = "<group>";
		};
		7A2400162B3F01420058F50F /* Products */ = {
			isa = PBXGroup;
			children = (
				7A2400152B3F01420058F50F /* Carivederci.app */,
			);
			name = Products;
			sourceTree = "<group>";
		};
		7A2400172B3F01420058F50F /* Carivederci */ = {
			isa = PBXGroup;
			children = (
				7AC3B9822BB494E300F7AE50 /* Assets */,
				7AA9C7832B8FAA6F00FDB0EC /* Compte */,
				7ABC5AF12B8BAD74003BFA94 /* InfosListe */,
				7ABC5B022B8BAF96003BFA94 /* SponsorsView.swift */,
				7ABE4CEC2B823EA50037E8F5 /* Api */,
				7ACCBF022B7AA36300D007D0 /* Login */,
				7ACCBEFD2B7AA32300D007D0 /* Main */,
				7AD89D6A2B4ADD0600A5E334 /* Scoreboard */,
				7A2400182B3F01420058F50F /* CarivederciApp.swift */,
				7A24001A2B3F01420058F50F /* ContentView.swift */,
				7AC60F232B45D1CF00B812CC /* Planning */,
				7A24001C2B3F01440058F50F /* Assets.xcassets */,
				7A2400212B3F01440058F50F /* Info.plist */,
				7A24001E2B3F01440058F50F /* Preview Content */,
			);
			path = Carivederci;
			sourceTree = "<group>";
		};
		7A24001E2B3F01440058F50F /* Preview Content */ = {
			isa = PBXGroup;
			children = (
				7A24001F2B3F01440058F50F /* Preview Assets.xcassets */,
			);
			path = "Preview Content";
			sourceTree = "<group>";
		};
		7AA9C7832B8FAA6F00FDB0EC /* Compte */ = {
			isa = PBXGroup;
			children = (
				7AA9C7842B8FAA8700FDB0EC /* CompteView.swift */,
				7A9D4FEC2B922EBD00E771EB /* PasswordView.swift */,
				7AC290862BA728240070F711 /* QRCodeView.swift */,
			);
			path = Compte;
			sourceTree = "<group>";
		};
		7ABC5AF12B8BAD74003BFA94 /* InfosListe */ = {
			isa = PBXGroup;
			children = (
				7ABC5AF22B8BAD9E003BFA94 /* CarouselView.swift */,
				7ABC5AF62B8BAF3D003BFA94 /* ListeView.swift */,
				7ABC5AFC2B8BAF64003BFA94 /* YoutubeView.swift */,
				7ABC5AFF2B8BAF84003BFA94 /* TeamsView.swift */,
			);
			path = InfosListe;
			sourceTree = "<group>";
		};
		7ABE4CEC2B823EA50037E8F5 /* Api */ = {
			isa = PBXGroup;
			children = (
				7ABE4CED2B823EBF0037E8F5 /* Models.swift */,
				7AC6D5072BA0F226007B0B35 /* Rules.swift */,
			);
			path = Api;
			sourceTree = "<group>";
		};
		7AC08A1D2BB760DF006A5DFA /* Teams */ = {
			isa = PBXGroup;
			children = (
				7AC08A242BB7610D006A5DFA /* Présentation_Asso.png */,
				7AC08A222BB7610D006A5DFA /* Présentation_BDA.png */,
				7AC08A202BB7610D006A5DFA /* Présentation_BDI.png */,
				7AC08A232BB7610D006A5DFA /* Présentation_BDS.png */,
				7AC08A272BB7610E006A5DFA /* Présentation_Bureau.png */,
				7AC08A212BB7610D006A5DFA /* Présentation_Com.png */,
				7AC08A262BB7610E006A5DFA /* Présentation_FISA.png */,
				7AC08A1F2BB7610D006A5DFA /* Présentation_Opé.png */,
				7AC08A252BB7610E006A5DFA /* Présentation_Partenariats.png */,
				7AC08A1E2BB7610D006A5DFA /* Présentation_Soirée.png */,
				7AC08A382BB76848006A5DFA /* Présentation_AEI.png */,
			);
			path = Teams;
			sourceTree = "<group>";
		};
		7AC3B9822BB494E300F7AE50 /* Assets */ = {
			isa = PBXGroup;
			children = (
				B3482F602BC06CC9001F2CF3 /* Partenaires */,
				7AC08A1D2BB760DF006A5DFA /* Teams */,
				7A2671E02BB4BDA000EDC250 /* Youtube.png */,
				7AC08A332BB76128006A5DFA /* Logo.png */,
			);
			path = Assets;
			sourceTree = "<group>";
		};
		7AC60F232B45D1CF00B812CC /* Planning */ = {
			isa = PBXGroup;
			children = (
				7A32924F2B3F0C6300B8C759 /* PlanningView.swift */,
				7A32924B2B3F072D00B8C759 /* PlanningStruct.swift */,
				7AF9A4E32BBC9B2900439E5C /* QRScannerView.swift */,
			);
			path = Planning;
			sourceTree = "<group>";
		};
		7ACCBEFD2B7AA32300D007D0 /* Main */ = {
			isa = PBXGroup;
			children = (
				7ACCBEFE2B7AA33A00D007D0 /* MainView.swift */,
			);
			path = Main;
			sourceTree = "<group>";
		};
		7ACCBF022B7AA36300D007D0 /* Login */ = {
			isa = PBXGroup;
			children = (
				7ACCBF032B7AA37900D007D0 /* LoginMenuView.swift */,
				7ACCBF072B7AA82C00D007D0 /* LoginView.swift */,
				7AAE3DFE2B7D2EA200852F8C /* FamilleMenuView.swift */,
				7ABC411C2B81577E00A3B0DB /* FamilleView.swift */,
			);
			path = Login;
			sourceTree = "<group>";
		};
		7AD89D6A2B4ADD0600A5E334 /* Scoreboard */ = {
			isa = PBXGroup;
			children = (
				7AD89D7A2B4AE28C00A5E334 /* ScoreboardView.swift */,
			);
			path = Scoreboard;
			sourceTree = "<group>";
		};
		B3482F5D2BC06C13001F2CF3 /* Frameworks */ = {
			isa = PBXGroup;
			children = (
				B3482F5E2BC06C14001F2CF3 /* Security.framework */,
			);
			name = Frameworks;
			sourceTree = "<group>";
		};
		B3482F602BC06CC9001F2CF3 /* Partenaires */ = {
			isa = PBXGroup;
			children = (
				B3482F6B2BC06CFE001F2CF3 /* bar l_inontournable R.png */,
				B3482F6F2BC06CFE001F2CF3 /* Festival les briques rouges E.jpeg */,
				B3482F612BC06CFC001F2CF3 /* intersport-aulnoy-lez-valenciennes.jpg */,
				B3482F702BC06CFF001F2CF3 /* karos R.jpeg */,
				B3482F682BC06CFD001F2CF3 /* lache prise R.png */,
				B3482F632BC06CFC001F2CF3 /* lasergame R.jpeg */,
				B3482F6E2BC06CFE001F2CF3 /* léon R.png */,
				B3482F6D2BC06CFE001F2CF3 /* logo-via-ristorante-restaurant.png */,
				B3482F642BC06CFC001F2CF3 /* LYDIA E.png */,
				B3482F672BC06CFD001F2CF3 /* murder france E.png */,
				B3482F662BC06CFD001F2CF3 /* osaka toys M.jpeg */,
				B3482F652BC06CFC001F2CF3 /* PIXELBAR R.png */,
				B3482F6C2BC06CFE001F2CF3 /* Redbull E.png */,
				B3482F6A2BC06CFE001F2CF3 /* reload gaming bar M.jpeg */,
				B3482F622BC06CFC001F2CF3 /* VNB arsenal M.jpeg */,
				B3482F692BC06CFD001F2CF3 /* VnB Aulnoye.jpg */,
			);
			path = Partenaires;
			sourceTree = "<group>";
		};
/* End PBXGroup section */

/* Begin PBXNativeTarget section */
		7A2400142B3F01420058F50F /* Carivederci */ = {
			isa = PBXNativeTarget;
			buildConfigurationList = 7A2400242B3F01440058F50F /* Build configuration list for PBXNativeTarget "Carivederci" */;
			buildPhases = (
				7A2400112B3F01420058F50F /* Sources */,
				7A2400122B3F01420058F50F /* Frameworks */,
				7A2400132B3F01420058F50F /* Resources */,
			);
			buildRules = (
			);
			dependencies = (
			);
			name = Carivederci;
			packageProductDependencies = (
				B3482F5B2BC0645A001F2CF3 /* CodeScanner */,
				B3482F822BC071D5001F2CF3 /* SwiftKeychainWrapper */,
				B3482F842BC071E4001F2CF3 /* SwiftKeychainWrapper */,
			);
			productName = Carivederci;
			productReference = 7A2400152B3F01420058F50F /* Carivederci.app */;
			productType = "com.apple.product-type.application";
		};
/* End PBXNativeTarget section */

/* Begin PBXProject section */
		7A24000D2B3F01420058F50F /* Project object */ = {
			isa = PBXProject;
			attributes = {
				BuildIndependentTargetsInParallel = YES;
				LastSwiftUpdateCheck = 1240;
				LastUpgradeCheck = 1520;
				TargetAttributes = {
					7A2400142B3F01420058F50F = {
						CreatedOnToolsVersion = 12.4;
					};
				};
			};
			buildConfigurationList = 7A2400102B3F01420058F50F /* Build configuration list for PBXProject "Carivederci" */;
			compatibilityVersion = "Xcode 15.0";
			developmentRegion = fr;
			hasScannedForEncodings = 0;
			knownRegions = (
				fr,
			);
			mainGroup = 7A24000C2B3F01420058F50F;
			packageReferences = (
				B3482F5A2BC0645A001F2CF3 /* XCRemoteSwiftPackageReference "CodeScanner" */,
				B3482F812BC071D5001F2CF3 /* XCRemoteSwiftPackageReference "SwiftKeychainWrapper" */,
			);
			productRefGroup = 7A2400162B3F01420058F50F /* Products */;
			projectDirPath = "";
			projectRoot = "";
			targets = (
				7A2400142B3F01420058F50F /* Carivederci */,
			);
		};
/* End PBXProject section */

/* Begin PBXResourcesBuildPhase section */
		7A2400132B3F01420058F50F /* Resources */ = {
			isa = PBXResourcesBuildPhase;
			buildActionMask = 2147483647;
			files = (
				7AC08A2B2BB7610E006A5DFA /* Présentation_Com.png in Resources */,
				7AC08A302BB7610E006A5DFA /* Présentation_FISA.png in Resources */,
				B3482F7A2BC06CFF001F2CF3 /* reload gaming bar M.jpeg in Resources */,
				7AC08A2E2BB7610E006A5DFA /* Présentation_Asso.png in Resources */,
				B3482F7D2BC06CFF001F2CF3 /* logo-via-ristorante-restaurant.png in Resources */,
				7A2400202B3F01440058F50F /* Preview Assets.xcassets in Resources */,
				B3482F7B2BC06CFF001F2CF3 /* bar l_inontournable R.png in Resources */,
				B3482F7F2BC06CFF001F2CF3 /* Festival les briques rouges E.jpeg in Resources */,
				B3482F722BC06CFF001F2CF3 /* VNB arsenal M.jpeg in Resources */,
				B3482F782BC06CFF001F2CF3 /* lache prise R.png in Resources */,
				B3482F712BC06CFF001F2CF3 /* intersport-aulnoy-lez-valenciennes.jpg in Resources */,
				B3482F772BC06CFF001F2CF3 /* murder france E.png in Resources */,
				B3482F7C2BC06CFF001F2CF3 /* Redbull E.png in Resources */,
				7AC08A392BB76848006A5DFA /* Présentation_AEI.png in Resources */,
				B3482F752BC06CFF001F2CF3 /* PIXELBAR R.png in Resources */,
				7AC08A282BB7610E006A5DFA /* Présentation_Soirée.png in Resources */,
				7AC08A2D2BB7610E006A5DFA /* Présentation_BDS.png in Resources */,
				B3482F802BC06CFF001F2CF3 /* karos R.jpeg in Resources */,
				B3482F742BC06CFF001F2CF3 /* LYDIA E.png in Resources */,
				7AC08A2A2BB7610E006A5DFA /* Présentation_BDI.png in Resources */,
				7AC08A342BB76128006A5DFA /* Logo.png in Resources */,
				7AC08A292BB7610E006A5DFA /* Présentation_Opé.png in Resources */,
				7AC08A2F2BB7610E006A5DFA /* Présentation_Partenariats.png in Resources */,
				B3482F762BC06CFF001F2CF3 /* osaka toys M.jpeg in Resources */,
				B3482F7E2BC06CFF001F2CF3 /* léon R.png in Resources */,
				B3482F792BC06CFF001F2CF3 /* VnB Aulnoye.jpg in Resources */,
				B3482F732BC06CFF001F2CF3 /* lasergame R.jpeg in Resources */,
				7AC08A2C2BB7610E006A5DFA /* Présentation_BDA.png in Resources */,
				7AC08A312BB7610E006A5DFA /* Présentation_Bureau.png in Resources */,
				7A24001D2B3F01440058F50F /* Assets.xcassets in Resources */,
				7A2671E12BB4BDA000EDC250 /* Youtube.png in Resources */,
			);
			runOnlyForDeploymentPostprocessing = 0;
		};
/* End PBXResourcesBuildPhase section */

/* Begin PBXSourcesBuildPhase section */
		7A2400112B3F01420058F50F /* Sources */ = {
			isa = PBXSourcesBuildPhase;
			buildActionMask = 2147483647;
			files = (
				7A32924C2B3F072D00B8C759 /* PlanningStruct.swift in Sources */,
				7A9D4FED2B922EBD00E771EB /* PasswordView.swift in Sources */,
				7ACCBEFF2B7AA33A00D007D0 /* MainView.swift in Sources */,
				7AC6D5082BA0F226007B0B35 /* Rules.swift in Sources */,
				7A24001B2B3F01420058F50F /* ContentView.swift in Sources */,
				7ABC5B002B8BAF84003BFA94 /* TeamsView.swift in Sources */,
				7AF9A4E42BBC9B2900439E5C /* QRScannerView.swift in Sources */,
				7A2400192B3F01420058F50F /* CarivederciApp.swift in Sources */,
				7AD89D7B2B4AE28C00A5E334 /* ScoreboardView.swift in Sources */,
				7ABC5AFD2B8BAF64003BFA94 /* YoutubeView.swift in Sources */,
				7ABC5AF32B8BAD9E003BFA94 /* CarouselView.swift in Sources */,
				7AC290872BA728240070F711 /* QRCodeView.swift in Sources */,
				7AAE3DFF2B7D2EA200852F8C /* FamilleMenuView.swift in Sources */,
				7ABC5AF72B8BAF3D003BFA94 /* ListeView.swift in Sources */,
				7ACCBF082B7AA82C00D007D0 /* LoginView.swift in Sources */,
				7ABC411D2B81577E00A3B0DB /* FamilleView.swift in Sources */,
				7ACCBF042B7AA37900D007D0 /* LoginMenuView.swift in Sources */,
				7A3292502B3F0C6300B8C759 /* PlanningView.swift in Sources */,
				7ABC5B032B8BAF96003BFA94 /* SponsorsView.swift in Sources */,
				7AA9C7852B8FAA8700FDB0EC /* CompteView.swift in Sources */,
				7ABE4CEE2B823EBF0037E8F5 /* Models.swift in Sources */,
			);
			runOnlyForDeploymentPostprocessing = 0;
		};
/* End PBXSourcesBuildPhase section */

/* Begin XCBuildConfiguration section */
		7A2400222B3F01440058F50F /* Debug */ = {
			isa = XCBuildConfiguration;
			buildSettings = {
				ALWAYS_SEARCH_USER_PATHS = NO;
				ASSETCATALOG_COMPILER_GENERATE_SWIFT_ASSET_SYMBOL_EXTENSIONS = YES;
				CLANG_ANALYZER_NONNULL = YES;
				CLANG_ANALYZER_NUMBER_OBJECT_CONVERSION = YES_AGGRESSIVE;
				CLANG_CXX_LANGUAGE_STANDARD = "gnu++14";
				CLANG_CXX_LIBRARY = "libc++";
				CLANG_ENABLE_MODULES = YES;
				CLANG_ENABLE_OBJC_ARC = YES;
				CLANG_ENABLE_OBJC_WEAK = YES;
				CLANG_WARN_BLOCK_CAPTURE_AUTORELEASING = YES;
				CLANG_WARN_BOOL_CONVERSION = YES;
				CLANG_WARN_COMMA = YES;
				CLANG_WARN_CONSTANT_CONVERSION = YES;
				CLANG_WARN_DEPRECATED_OBJC_IMPLEMENTATIONS = YES;
				CLANG_WARN_DIRECT_OBJC_ISA_USAGE = YES_ERROR;
				CLANG_WARN_DOCUMENTATION_COMMENTS = YES;
				CLANG_WARN_EMPTY_BODY = YES;
				CLANG_WARN_ENUM_CONVERSION = YES;
				CLANG_WARN_INFINITE_RECURSION = YES;
				CLANG_WARN_INT_CONVERSION = YES;
				CLANG_WARN_NON_LITERAL_NULL_CONVERSION = YES;
				CLANG_WARN_OBJC_IMPLICIT_RETAIN_SELF = YES;
				CLANG_WARN_OBJC_LITERAL_CONVERSION = YES;
				CLANG_WARN_OBJC_ROOT_CLASS = YES_ERROR;
				CLANG_WARN_QUOTED_INCLUDE_IN_FRAMEWORK_HEADER = YES;
				CLANG_WARN_RANGE_LOOP_ANALYSIS = YES;
				CLANG_WARN_STRICT_PROTOTYPES = YES;
				CLANG_WARN_SUSPICIOUS_MOVE = YES;
				CLANG_WARN_UNGUARDED_AVAILABILITY = YES_AGGRESSIVE;
				CLANG_WARN_UNREACHABLE_CODE = YES;
				CLANG_WARN__DUPLICATE_METHOD_MATCH = YES;
				COPY_PHASE_STRIP = YES;
				DEBUG_INFORMATION_FORMAT = dwarf;
				ENABLE_STRICT_OBJC_MSGSEND = YES;
				ENABLE_TESTABILITY = YES;
				ENABLE_USER_SCRIPT_SANDBOXING = YES;
				GCC_C_LANGUAGE_STANDARD = "compiler-default";
				GCC_DYNAMIC_NO_PIC = NO;
				GCC_NO_COMMON_BLOCKS = YES;
				GCC_OPTIMIZATION_LEVEL = s;
				GCC_PREPROCESSOR_DEFINITIONS = (
					"DEBUG=1",
					"$(inherited)",
				);
				GCC_WARN_64_TO_32_BIT_CONVERSION = YES;
				GCC_WARN_ABOUT_RETURN_TYPE = YES_ERROR;
				GCC_WARN_UNDECLARED_SELECTOR = YES;
				GCC_WARN_UNINITIALIZED_AUTOS = YES_AGGRESSIVE;
				GCC_WARN_UNUSED_FUNCTION = YES;
				GCC_WARN_UNUSED_VARIABLE = YES;
				IPHONEOS_DEPLOYMENT_TARGET = 15.0;
				MTL_ENABLE_DEBUG_INFO = INCLUDE_SOURCE;
				MTL_FAST_MATH = YES;
				ONLY_ACTIVE_ARCH = YES;
				SDKROOT = iphoneos;
				SWIFT_ACTIVE_COMPILATION_CONDITIONS = DEBUG;
				SWIFT_OPTIMIZATION_LEVEL = "-Onone";
				SWIFT_VERSION = 5.0;
			};
			name = Debug;
		};
		7A2400232B3F01440058F50F /* Release */ = {
			isa = XCBuildConfiguration;
			buildSettings = {
				ALWAYS_SEARCH_USER_PATHS = NO;
				ASSETCATALOG_COMPILER_GENERATE_SWIFT_ASSET_SYMBOL_EXTENSIONS = YES;
				CLANG_ANALYZER_NONNULL = YES;
				CLANG_ANALYZER_NUMBER_OBJECT_CONVERSION = YES_AGGRESSIVE;
				CLANG_CXX_LANGUAGE_STANDARD = "gnu++14";
				CLANG_CXX_LIBRARY = "libc++";
				CLANG_ENABLE_MODULES = YES;
				CLANG_ENABLE_OBJC_ARC = YES;
				CLANG_ENABLE_OBJC_WEAK = YES;
				CLANG_WARN_BLOCK_CAPTURE_AUTORELEASING = YES;
				CLANG_WARN_BOOL_CONVERSION = YES;
				CLANG_WARN_COMMA = YES;
				CLANG_WARN_CONSTANT_CONVERSION = YES;
				CLANG_WARN_DEPRECATED_OBJC_IMPLEMENTATIONS = YES;
				CLANG_WARN_DIRECT_OBJC_ISA_USAGE = YES_ERROR;
				CLANG_WARN_DOCUMENTATION_COMMENTS = YES;
				CLANG_WARN_EMPTY_BODY = YES;
				CLANG_WARN_ENUM_CONVERSION = YES;
				CLANG_WARN_INFINITE_RECURSION = YES;
				CLANG_WARN_INT_CONVERSION = YES;
				CLANG_WARN_NON_LITERAL_NULL_CONVERSION = YES;
				CLANG_WARN_OBJC_IMPLICIT_RETAIN_SELF = YES;
				CLANG_WARN_OBJC_LITERAL_CONVERSION = YES;
				CLANG_WARN_OBJC_ROOT_CLASS = YES_ERROR;
				CLANG_WARN_QUOTED_INCLUDE_IN_FRAMEWORK_HEADER = YES;
				CLANG_WARN_RANGE_LOOP_ANALYSIS = YES;
				CLANG_WARN_STRICT_PROTOTYPES = YES;
				CLANG_WARN_SUSPICIOUS_MOVE = YES;
				CLANG_WARN_UNGUARDED_AVAILABILITY = YES_AGGRESSIVE;
				CLANG_WARN_UNREACHABLE_CODE = YES;
				CLANG_WARN__DUPLICATE_METHOD_MATCH = YES;
				COPY_PHASE_STRIP = YES;
				DEBUG_INFORMATION_FORMAT = "dwarf-with-dsym";
				ENABLE_NS_ASSERTIONS = NO;
				ENABLE_STRICT_OBJC_MSGSEND = YES;
				ENABLE_USER_SCRIPT_SANDBOXING = YES;
				GCC_C_LANGUAGE_STANDARD = "compiler-default";
				GCC_NO_COMMON_BLOCKS = YES;
				GCC_WARN_64_TO_32_BIT_CONVERSION = YES;
				GCC_WARN_ABOUT_RETURN_TYPE = YES_ERROR;
				GCC_WARN_UNDECLARED_SELECTOR = YES;
				GCC_WARN_UNINITIALIZED_AUTOS = YES_AGGRESSIVE;
				GCC_WARN_UNUSED_FUNCTION = YES;
				GCC_WARN_UNUSED_VARIABLE = YES;
				IPHONEOS_DEPLOYMENT_TARGET = 15.0;
				MTL_ENABLE_DEBUG_INFO = NO;
				MTL_FAST_MATH = YES;
				SDKROOT = iphoneos;
				SWIFT_COMPILATION_MODE = wholemodule;
				SWIFT_OPTIMIZATION_LEVEL = "-O";
				SWIFT_VERSION = 5.0;
				VALIDATE_PRODUCT = YES;
			};
			name = Release;
		};
		7A2400252B3F01440058F50F /* Debug */ = {
			isa = XCBuildConfiguration;
			buildSettings = {
				ASSETCATALOG_COMPILER_APPICON_NAME = AppIcon;
				ASSETCATALOG_COMPILER_GLOBAL_ACCENT_COLOR_NAME = AccentColor;
				ASSETCATALOG_COMPILER_INCLUDE_ALL_APPICON_ASSETS = YES;
				CODE_SIGN_STYLE = Automatic;
				DEVELOPMENT_ASSET_PATHS = "\"Carivederci/Preview Content\"";
				DEVELOPMENT_TEAM = 2K6KF62J2M;
				ENABLE_PREVIEWS = YES;
				INFOPLIST_FILE = Carivederci/Info.plist;
				INFOPLIST_KEY_CFBundleDisplayName = Cariverderci;
				INFOPLIST_KEY_LSApplicationCategoryType = "public.app-category.games";
				IPHONEOS_DEPLOYMENT_TARGET = 15.0;
				LD_RUNPATH_SEARCH_PATHS = (
					"$(inherited)",
					"@executable_path/Frameworks",
				);
				PRODUCT_BUNDLE_IDENTIFIER = cari.Carivederci;
				PRODUCT_NAME = "$(TARGET_NAME)";
				SUPPORTED_PLATFORMS = "iphoneos iphonesimulator";
				SUPPORTS_MACCATALYST = NO;
				SUPPORTS_MAC_DESIGNED_FOR_IPHONE_IPAD = NO;
				SUPPORTS_XR_DESIGNED_FOR_IPHONE_IPAD = NO;
				SWIFT_VERSION = 5.0;
				TARGETED_DEVICE_FAMILY = 1;
			};
			name = Debug;
		};
		7A2400262B3F01440058F50F /* Release */ = {
			isa = XCBuildConfiguration;
			buildSettings = {
				ASSETCATALOG_COMPILER_APPICON_NAME = AppIcon;
				ASSETCATALOG_COMPILER_GLOBAL_ACCENT_COLOR_NAME = AccentColor;
				ASSETCATALOG_COMPILER_INCLUDE_ALL_APPICON_ASSETS = YES;
				CODE_SIGN_STYLE = Automatic;
				DEVELOPMENT_ASSET_PATHS = "\"Carivederci/Preview Content\"";
				DEVELOPMENT_TEAM = 2K6KF62J2M;
				ENABLE_PREVIEWS = YES;
				INFOPLIST_FILE = Carivederci/Info.plist;
				INFOPLIST_KEY_CFBundleDisplayName = Cariverderci;
				INFOPLIST_KEY_LSApplicationCategoryType = "public.app-category.games";
				IPHONEOS_DEPLOYMENT_TARGET = 15.0;
				LD_RUNPATH_SEARCH_PATHS = (
					"$(inherited)",
					"@executable_path/Frameworks",
				);
				PRODUCT_BUNDLE_IDENTIFIER = cari.Carivederci;
				PRODUCT_NAME = "$(TARGET_NAME)";
				SUPPORTED_PLATFORMS = "iphoneos iphonesimulator";
				SUPPORTS_MACCATALYST = NO;
				SUPPORTS_MAC_DESIGNED_FOR_IPHONE_IPAD = NO;
				SUPPORTS_XR_DESIGNED_FOR_IPHONE_IPAD = NO;
				SWIFT_VERSION = 5.0;
				TARGETED_DEVICE_FAMILY = 1;
			};
			name = Release;
		};
/* End XCBuildConfiguration section */

/* Begin XCConfigurationList section */
		7A2400102B3F01420058F50F /* Build configuration list for PBXProject "Carivederci" */ = {
			isa = XCConfigurationList;
			buildConfigurations = (
				7A2400222B3F01440058F50F /* Debug */,
				7A2400232B3F01440058F50F /* Release */,
			);
			defaultConfigurationIsVisible = 0;
			defaultConfigurationName = Release;
		};
		7A2400242B3F01440058F50F /* Build configuration list for PBXNativeTarget "Carivederci" */ = {
			isa = XCConfigurationList;
			buildConfigurations = (
				7A2400252B3F01440058F50F /* Debug */,
				7A2400262B3F01440058F50F /* Release */,
			);
			defaultConfigurationIsVisible = 0;
			defaultConfigurationName = Release;
		};
/* End XCConfigurationList section */

/* Begin XCRemoteSwiftPackageReference section */
		B3482F5A2BC0645A001F2CF3 /* XCRemoteSwiftPackageReference "CodeScanner" */ = {
			isa = XCRemoteSwiftPackageReference;
			repositoryURL = "https://github.com/twostraws/CodeScanner";
			requirement = {
				kind = upToNextMajorVersion;
				minimumVersion = 2.4.0;
			};
		};
		B3482F812BC071D5001F2CF3 /* XCRemoteSwiftPackageReference "SwiftKeychainWrapper" */ = {
			isa = XCRemoteSwiftPackageReference;
			repositoryURL = "https://github.com/jrendel/SwiftKeychainWrapper";
			requirement = {
				kind = upToNextMajorVersion;
				minimumVersion = 4.0.1;
			};
		};
/* End XCRemoteSwiftPackageReference section */

/* Begin XCSwiftPackageProductDependency section */
		B3482F5B2BC0645A001F2CF3 /* CodeScanner */ = {
			isa = XCSwiftPackageProductDependency;
			package = B3482F5A2BC0645A001F2CF3 /* XCRemoteSwiftPackageReference "CodeScanner" */;
			productName = CodeScanner;
		};
		B3482F822BC071D5001F2CF3 /* SwiftKeychainWrapper */ = {
			isa = XCSwiftPackageProductDependency;
			package = B3482F812BC071D5001F2CF3 /* XCRemoteSwiftPackageReference "SwiftKeychainWrapper" */;
			productName = SwiftKeychainWrapper;
		};
		B3482F842BC071E4001F2CF3 /* SwiftKeychainWrapper */ = {
			isa = XCSwiftPackageProductDependency;
			package = B3482F812BC071D5001F2CF3 /* XCRemoteSwiftPackageReference "SwiftKeychainWrapper" */;
			productName = SwiftKeychainWrapper;
		};
/* End XCSwiftPackageProductDependency section */
	};
	rootObject = 7A24000D2B3F01420058F50F /* Project object */;
}
